
Microsoft Visual Studio Solution File, Format Version 12.00
# Visual Studio Version 17
VisualStudioVersion = 17.0.31903.59
MinimumVisualStudioVersion = 10.0.40219.1
Project("{FAE04EC0-301F-11D3-BF4B-00C04F79EFBC}") = "AirLink.Core", "AirLink.Core\AirLink.Core.csproj", "{0B2B6DD1-98EC-4FA4-8524-6FF393D5443C}"
EndProject
Project("{FAE04EC0-301F-11D3-BF4B-00C04F79EFBC}") = "AirLink.Cli", "AirLink.Cli\AirLink.Cli.csproj", "{ED30FD8E-D122-44A2-BD73-C27C9A5583E3}"
EndProject
Project("{FAE04EC0-301F-11D3-BF4B-00C04F79EFBC}") = "AirLink.Tray", "AirLink.Tray\AirLink.Tray.csproj", "{9DE582B9-86CA-42ED-B8D2-823C454534EB}"
EndProject
Global
	GlobalSection(SolutionConfigurationPlatforms) = preSolution
		Debug|Any CPU = Debug|Any CPU
		Debug|x64 = Debug|x64
		Debug|x86 = Debug|x86
		Release|Any CPU = Release|Any CPU
		Release|x64 = Release|x64
		Release|x86 = Release|x86
	EndGlobalSection
	GlobalSection(ProjectConfigurationPlatforms) = postSolution
		{0B2B6DD1-98EC-4FA4-8524-6FF393D5443C}.Debug|Any CPU.ActiveCfg = Debug|Any CPU
		{0B2B6DD1-98EC-4FA4-8524-6FF393D5443C}.Debug|Any CPU.Build.0 = Debug|Any CPU
		{0B2B6DD1-98EC-4FA4-8524-6FF393D5443C}.Debug|x64.ActiveCfg = Debug|Any CPU
		{0B2B6DD1-98EC-4FA4-8524-6FF393D5443C}.Debug|x64.Build.0 = Debug|Any CPU
		{0B2B6DD1-98EC-4FA4-8524-6FF393D5443C}.Debug|x86.ActiveCfg = Debug|Any CPU
		{0B2B6DD1-98EC-4FA4-8524-6FF393D5443C}.Debug|x86.Build.0 = Debug|Any CPU
		{0B2B6DD1-98EC-4FA4-8524-6FF393D5443C}.Release|Any CPU.ActiveCfg = Release|Any CPU
		{0B2B6DD1-98EC-4FA4-8524-6FF393D5443C}.Release|Any CPU.Build.0 = Release|Any CPU
		{0B2B6DD1-98EC-4FA4-8524-6FF393D5443C}.Release|x64.ActiveCfg = Release|Any CPU
		{0B2B6DD1-98EC-4FA4-8524-6FF393D5443C}.Release|x64.Build.0 = Release|Any CPU
		{0B2B6DD1-98EC-4FA4-8524-6FF393D5443C}.Release|x86.ActiveCfg = Release|Any CPU
		{0B2B6DD1-98EC-4FA4-8524-6FF393D5443C}.Release|x86.Build.0 = Release|Any CPU
		{ED30FD8E-D122-44A2-BD73-C27C9A5583E3}.Debug|Any CPU.ActiveCfg = Debug|Any CPU
		{ED30FD8E-D122-44A2-BD73-C27C9A5583E3}.Debug|Any CPU.Build.0 = Debug|Any CPU
		{ED30FD8E-D122-44A2-BD73-C27C9A5583E3}.Debug|x64.ActiveCfg = Debug|Any CPU
		{ED30FD8E-D122-44A2-BD73-C27C9A5583E3}.Debug|x64.Build.0 = Debug|Any CPU
		{ED30FD8E-D122-44A2-BD73-C27C9A5583E3}.Debug|x86.ActiveCfg = Debug|Any CPU
		{ED30FD8E-D122-44A2-BD73-C27C9A5583E3}.Debug|x86.Build.0 = Debug|Any CPU
		{ED30FD8E-D122-44A2-BD73-C27C9A5583E3}.Release|Any CPU.ActiveCfg = Release|Any CPU
		{ED30FD8E-D122-44A2-BD73-C27C9A5583E3}.Release|Any CPU.Build.0 = Release|Any CPU
		{ED30FD8E-D122-44A2-BD73-C27C9A5583E3}.Release|x64.ActiveCfg = Release|Any CPU
		{ED30FD8E-D122-44A2-BD73-C27C9A5583E3}.Release|x64.Build.0 = Release|Any CPU
		{ED30FD8E-D122-44A2-BD73-C27C9A5583E3}.Release|x86.ActiveCfg = Release|Any CPU
		{ED30FD8E-D122-44A2-BD73-C27C9A5583E3}.Release|x86.Build.0 = Release|Any CPU
		{9DE582B9-86CA-42ED-B8D2-823C454534EB}.Debug|Any CPU.ActiveCfg = Debug|Any CPU
		{9DE582B9-86CA-42ED-B8D2-823C454534EB}.Debug|Any CPU.Build.0 = Debug|Any CPU
		{9DE582B9-86CA-42ED-B8D2-823C454534EB}.Debug|x64.ActiveCfg = Debug|Any CPU
		{9DE582B9-86CA-42ED-B8D2-823C454534EB}.Debug|x64.Build.0 = Debug|Any CPU
		{9DE582B9-86CA-42ED-B8D2-823C454534EB}.Debug|x86.ActiveCfg = Debug|Any CPU
		{9DE582B9-86CA-42ED-B8D2-823C454534EB}.Debug|x86.Build.0 = Debug|Any CPU
		{9DE582B9-86CA-42ED-B8D2-823C454534EB}.Release|Any CPU.ActiveCfg = Release|Any CPU
		{9DE582B9-86CA-42ED-B8D2-823C454534EB}.Release|Any CPU.Build.0 = Release|Any CPU
		{9DE582B9-86CA-42ED-B8D2-823C454534EB}.Release|x64.ActiveCfg = Release|Any CPU
		{9DE582B9-86CA-42ED-B8D2-823C454534EB}.Release|x64.Build.0 = Release|Any CPU
		{9DE582B9-86CA-42ED-B8D2-823C454534EB}.Release|x86.ActiveCfg = Release|Any CPU
		{9DE582B9-86CA-42ED-B8D2-823C454534EB}.Release|x86.Build.0 = Release|Any CPU
	EndGlobalSection
	GlobalSection(SolutionProperties) = preSolution
		HideSolutionNode = FALSE
	EndGlobalSection
EndGlobal
